# This file is @generated by PDM.
# It is not intended for manual editing.

[metadata]
groups = ["default"]
strategy = ["inherit_metadata"]
lock_version = "4.5.0"
content_hash = "sha256:cbd4234578296d9a66d33d95f023e0ad93672bf050b12f890bc722df9f422c7e"

[[metadata.targets]]
requires_python = "==3.13.*"

[[package]]
name = "pygame-ce"
version = "2.5.3"
requires_python = ">=3.9"
summary = "Python Game Development"
groups = ["default"]
files = [
    {file = "pygame_ce-2.5.3-cp313-cp313-macosx_10_13_x86_64.whl", hash = "sha256:6a60622da82b16ebb5da95bd6f3a6fc41d312ec0505c9333ec0eeaed74c78123"},
    {file = "pygame_ce-2.5.3-cp313-cp313-macosx_11_0_arm64.whl", hash = "sha256:4326d7914a2ff8eea987bb4d16a1caa9a65921308eeb26c6d1f66cd6a1a5a930"},
    {file = "pygame_ce-2.5.3-cp313-cp313-manylinux_2_17_aarch64.manylinux2014_aarch64.whl", hash = "sha256:e2d25dd15fffc0e0e528d41941943b3775874aa66e171a5e8f86845fbc93518f"},
    {file = "pygame_ce-2.5.3-cp313-cp313-manylinux_2_17_i686.manylinux2014_i686.whl", hash = "sha256:4f0c0e34008165b93a543d5ce526f8d6459662779c2f9ddc77ef3446329b2cc6"},
    {file = "pygame_ce-2.5.3-cp313-cp313-manylinux_2_17_x86_64.manylinux2014_x86_64.whl", hash = "sha256:c3ccb1f170cc3fd52d4c4c8575e29689b90b04db089b3c3cbb331955fdde244f"},
    {file = "pygame_ce-2.5.3-cp313-cp313-win32.whl", hash = "sha256:6ed3cc5b1c1c2580579569f76b2109843429cc66ca68e8bc7d9e0eb4224cae00"},
    {file = "pygame_ce-2.5.3-cp313-cp313-win_amd64.whl", hash = "sha256:308f432559ae60ad04316777792d49df1f84f22bbb67a374a38ee15e8d97bdba"},
    {file = "pygame_ce-2.5.3.tar.gz", hash = "sha256:dc04f0bf1a270a84eb371556298a9902b9c4ab08137c9dd10ef03fa4e7fcbfed"},
]
